// !$*UTF8*$!
{
	archiveVersion = 1;
	classes = {
	};
	objectVersion = 56;
	objects = {

/* Begin PBXBuildFile section */
		FA17509F2C121EAC00BB07C4 /* CircleButtonView.swift in Sources */ = {isa = PBXBuildFile; fileRef = FA17509E2C121EAB00BB07C4 /* CircleButtonView.swift */; };
		FA1B3EB52C10F870000AF5DD /* PhotoDetailView.swift in Sources */ = {isa = PBXBuildFile; fileRef = FA1B3EB42C10F870000AF5DD /* PhotoDetailView.swift */; };
		FA1B3EBC2C10F988000AF5DD /* CardGroupBoxStyle.swift in Sources */ = {isa = PBXBuildFile; fileRef = FA1B3EBB2C10F988000AF5DD /* CardGroupBoxStyle.swift */; };
		FA1B3EC22C1113D4000AF5DD /* CacheImageView.swift in Sources */ = {isa = PBXBuildFile; fileRef = FA1B3EC12C1113D3000AF5DD /* CacheImageView.swift */; };
		FA1B3EC52C11926E000AF5DD /* Color.swift in Sources */ = {isa = PBXBuildFile; fileRef = FA1B3EC42C11926E000AF5DD /* Color.swift */; };
		FACE068B2C0E5967009FF182 /* GridCell.swift in Sources */ = {isa = PBXBuildFile; fileRef = FACE068A2C0E5967009FF182 /* GridCell.swift */; };
		FACE068F2C0F86C3009FF182 /* PhotoCardView.swift in Sources */ = {isa = PBXBuildFile; fileRef = FACE068E2C0F86C2009FF182 /* PhotoCardView.swift */; };
		FACE06912C10359A009FF182 /* UIApplication+Extension.swift in Sources */ = {isa = PBXBuildFile; fileRef = FACE06902C10359A009FF182 /* UIApplication+Extension.swift */; };
		FACE06932C103843009FF182 /* HomeView.swift in Sources */ = {isa = PBXBuildFile; fileRef = FACE06922C103843009FF182 /* HomeView.swift */; };
		FAD794CE2C0A271D00D2508D /* FlickGalleryApp.swift in Sources */ = {isa = PBXBuildFile; fileRef = FAD794CD2C0A271D00D2508D /* FlickGalleryApp.swift */; };
		FAD794D02C0A271D00D2508D /* ContentView.swift in Sources */ = {isa = PBXBuildFile; fileRef = FAD794CF2C0A271D00D2508D /* ContentView.swift */; };
		FAD794D22C0A272500D2508D /* Assets.xcassets in Resources */ = {isa = PBXBuildFile; fileRef = FAD794D12C0A272500D2508D /* Assets.xcassets */; };
		FAD794D52C0A272500D2508D /* Preview Assets.xcassets in Resources */ = {isa = PBXBuildFile; fileRef = FAD794D42C0A272500D2508D /* Preview Assets.xcassets */; };
		FAD794DF2C0A272600D2508D /* FlickGalleryTests.swift in Sources */ = {isa = PBXBuildFile; fileRef = FAD794DE2C0A272600D2508D /* FlickGalleryTests.swift */; };
		FAD794E92C0A272600D2508D /* FlickGalleryUITests.swift in Sources */ = {isa = PBXBuildFile; fileRef = FAD794E82C0A272600D2508D /* FlickGalleryUITests.swift */; };
		FAD794EB2C0A272600D2508D /* FlickGalleryUITestsLaunchTests.swift in Sources */ = {isa = PBXBuildFile; fileRef = FAD794EA2C0A272600D2508D /* FlickGalleryUITestsLaunchTests.swift */; };
		FAD794F92C0A279500D2508D /* FlickResponseModel.swift in Sources */ = {isa = PBXBuildFile; fileRef = FAD794F82C0A279400D2508D /* FlickResponseModel.swift */; };
		FAD794FE2C0A6BF800D2508D /* NetworkManager.swift in Sources */ = {isa = PBXBuildFile; fileRef = FAD794FD2C0A6BF800D2508D /* NetworkManager.swift */; };
		FAD795002C0A6C1200D2508D /* Networking.swift in Sources */ = {isa = PBXBuildFile; fileRef = FAD794FF2C0A6C1200D2508D /* Networking.swift */; };
		FAD795022C0A6C6D00D2508D /* NetworkError.swift in Sources */ = {isa = PBXBuildFile; fileRef = FAD795012C0A6C6D00D2508D /* NetworkError.swift */; };
		FAD795042C0A6D5D00D2508D /* APIEndpoint.swift in Sources */ = {isa = PBXBuildFile; fileRef = FAD795032C0A6D5D00D2508D /* APIEndpoint.swift */; };
		FAE3579F2C122D9D00BE258D /* NetworkManagerTests.swift in Sources */ = {isa = PBXBuildFile; fileRef = FAE3579E2C122D9D00BE258D /* NetworkManagerTests.swift */; };
		FAE357A12C122DC100BE258D /* MockNetworking.swift in Sources */ = {isa = PBXBuildFile; fileRef = FAE357A02C122DC100BE258D /* MockNetworking.swift */; };
		FAE357A32C122DE500BE258D /* MockNetworkManager.swift in Sources */ = {isa = PBXBuildFile; fileRef = FAE357A22C122DE500BE258D /* MockNetworkManager.swift */; };
		FAE357A72C12714500BE258D /* UserIDView.swift in Sources */ = {isa = PBXBuildFile; fileRef = FAE357A62C12714500BE258D /* UserIDView.swift */; };
		FAE357BE2C14390800BE258D /* PhotoDetailsModel.swift in Sources */ = {isa = PBXBuildFile; fileRef = FAE357BD2C14390800BE258D /* PhotoDetailsModel.swift */; };
		FAE357C02C15C8BC00BE258D /* UserDetailView.swift in Sources */ = {isa = PBXBuildFile; fileRef = FAE357BF2C15C8BC00BE258D /* UserDetailView.swift */; };
		FAFB2E862C0A74AA00363278 /* PhotoViewModel.swift in Sources */ = {isa = PBXBuildFile; fileRef = FAFB2E852C0A74AA00363278 /* PhotoViewModel.swift */; };
		FAFB2E892C0BFC3F00363278 /* PhotoUserInfoModel.swift in Sources */ = {isa = PBXBuildFile; fileRef = FAFB2E882C0BFC3F00363278 /* PhotoUserInfoModel.swift */; };
		FAFB2E8C2C0CC79500363278 /* CacheAsyncImage.swift in Sources */ = {isa = PBXBuildFile; fileRef = FAFB2E8B2C0CC79400363278 /* CacheAsyncImage.swift */; };
		FAFB2E922C0CCC1A00363278 /* ImageCache.swift in Sources */ = {isa = PBXBuildFile; fileRef = FAFB2E912C0CCC1A00363278 /* ImageCache.swift */; };
		FAFB2E982C0CF4DE00363278 /* SearchBarView.swift in Sources */ = {isa = PBXBuildFile; fileRef = FAFB2E972C0CF4DE00363278 /* SearchBarView.swift */; };
/* End PBXBuildFile section */

/* Begin PBXContainerItemProxy section */
		FAD794DB2C0A272600D2508D /* PBXContainerItemProxy */ = {
			isa = PBXContainerItemProxy;
			containerPortal = FAD794C22C0A271D00D2508D /* Project object */;
			proxyType = 1;
			remoteGlobalIDString = FAD794C92C0A271D00D2508D;
			remoteInfo = FlickGallery;
		};
		FAD794E52C0A272600D2508D /* PBXContainerItemProxy */ = {
			isa = PBXContainerItemProxy;
			containerPortal = FAD794C22C0A271D00D2508D /* Project object */;
			proxyType = 1;
			remoteGlobalIDString = FAD794C92C0A271D00D2508D;
			remoteInfo = FlickGallery;
		};
/* End PBXContainerItemProxy section */

/* Begin PBXFileReference section */
		FA17509E2C121EAB00BB07C4 /* CircleButtonView.swift */ = {isa = PBXFileReference; lastKnownFileType = sourcecode.swift; path = CircleButtonView.swift; sourceTree = "<group>"; };
		FA1B3EB42C10F870000AF5DD /* PhotoDetailView.swift */ = {isa = PBXFileReference; lastKnownFileType = sourcecode.swift; path = PhotoDetailView.swift; sourceTree = "<group>"; };
		FA1B3EBB2C10F988000AF5DD /* CardGroupBoxStyle.swift */ = {isa = PBXFileReference; lastKnownFileType = sourcecode.swift; path = CardGroupBoxStyle.swift; sourceTree = "<group>"; };
		FA1B3EC12C1113D3000AF5DD /* CacheImageView.swift */ = {isa = PBXFileReference; fileEncoding = 4; lastKnownFileType = sourcecode.swift; path = CacheImageView.swift; sourceTree = "<group>"; };
		FA1B3EC42C11926E000AF5DD /* Color.swift */ = {isa = PBXFileReference; lastKnownFileType = sourcecode.swift; path = Color.swift; sourceTree = "<group>"; };
		FACE068A2C0E5967009FF182 /* GridCell.swift */ = {isa = PBXFileReference; lastKnownFileType = sourcecode.swift; path = GridCell.swift; sourceTree = "<group>"; };
		FACE068E2C0F86C2009FF182 /* PhotoCardView.swift */ = {isa = PBXFileReference; lastKnownFileType = sourcecode.swift; path = PhotoCardView.swift; sourceTree = "<group>"; };
		FACE06902C10359A009FF182 /* UIApplication+Extension.swift */ = {isa = PBXFileReference; lastKnownFileType = sourcecode.swift; path = "UIApplication+Extension.swift"; sourceTree = "<group>"; };
		FACE06922C103843009FF182 /* HomeView.swift */ = {isa = PBXFileReference; lastKnownFileType = sourcecode.swift; path = HomeView.swift; sourceTree = "<group>"; };
		FAD794CA2C0A271D00D2508D /* FlickGallery.app */ = {isa = PBXFileReference; explicitFileType = wrapper.application; includeInIndex = 0; path = FlickGallery.app; sourceTree = BUILT_PRODUCTS_DIR; };
		FAD794CD2C0A271D00D2508D /* FlickGalleryApp.swift */ = {isa = PBXFileReference; lastKnownFileType = sourcecode.swift; path = FlickGalleryApp.swift; sourceTree = "<group>"; };
		FAD794CF2C0A271D00D2508D /* ContentView.swift */ = {isa = PBXFileReference; lastKnownFileType = sourcecode.swift; path = ContentView.swift; sourceTree = "<group>"; };
		FAD794D12C0A272500D2508D /* Assets.xcassets */ = {isa = PBXFileReference; lastKnownFileType = folder.assetcatalog; path = Assets.xcassets; sourceTree = "<group>"; };
		FAD794D42C0A272500D2508D /* Preview Assets.xcassets */ = {isa = PBXFileReference; lastKnownFileType = folder.assetcatalog; path = "Preview Assets.xcassets"; sourceTree = "<group>"; };
		FAD794DA2C0A272600D2508D /* FlickGalleryTests.xctest */ = {isa = PBXFileReference; explicitFileType = wrapper.cfbundle; includeInIndex = 0; path = FlickGalleryTests.xctest; sourceTree = BUILT_PRODUCTS_DIR; };
		FAD794DE2C0A272600D2508D /* FlickGalleryTests.swift */ = {isa = PBXFileReference; lastKnownFileType = sourcecode.swift; path = FlickGalleryTests.swift; sourceTree = "<group>"; };
		FAD794E42C0A272600D2508D /* FlickGalleryUITests.xctest */ = {isa = PBXFileReference; explicitFileType = wrapper.cfbundle; includeInIndex = 0; path = FlickGalleryUITests.xctest; sourceTree = BUILT_PRODUCTS_DIR; };
		FAD794E82C0A272600D2508D /* FlickGalleryUITests.swift */ = {isa = PBXFileReference; lastKnownFileType = sourcecode.swift; path = FlickGalleryUITests.swift; sourceTree = "<group>"; };
		FAD794EA2C0A272600D2508D /* FlickGalleryUITestsLaunchTests.swift */ = {isa = PBXFileReference; lastKnownFileType = sourcecode.swift; path = FlickGalleryUITestsLaunchTests.swift; sourceTree = "<group>"; };
		FAD794F82C0A279400D2508D /* FlickResponseModel.swift */ = {isa = PBXFileReference; lastKnownFileType = sourcecode.swift; path = FlickResponseModel.swift; sourceTree = "<group>"; };
		FAD794FD2C0A6BF800D2508D /* NetworkManager.swift */ = {isa = PBXFileReference; lastKnownFileType = sourcecode.swift; path = NetworkManager.swift; sourceTree = "<group>"; };
		FAD794FF2C0A6C1200D2508D /* Networking.swift */ = {isa = PBXFileReference; lastKnownFileType = sourcecode.swift; path = Networking.swift; sourceTree = "<group>"; };
		FAD795012C0A6C6D00D2508D /* NetworkError.swift */ = {isa = PBXFileReference; lastKnownFileType = sourcecode.swift; path = NetworkError.swift; sourceTree = "<group>"; };
		FAD795032C0A6D5D00D2508D /* APIEndpoint.swift */ = {isa = PBXFileReference; lastKnownFileType = sourcecode.swift; path = APIEndpoint.swift; sourceTree = "<group>"; };
		FAE3579E2C122D9D00BE258D /* NetworkManagerTests.swift */ = {isa = PBXFileReference; lastKnownFileType = sourcecode.swift; path = NetworkManagerTests.swift; sourceTree = "<group>"; };
		FAE357A02C122DC100BE258D /* MockNetworking.swift */ = {isa = PBXFileReference; lastKnownFileType = sourcecode.swift; path = MockNetworking.swift; sourceTree = "<group>"; };
		FAE357A22C122DE500BE258D /* MockNetworkManager.swift */ = {isa = PBXFileReference; lastKnownFileType = sourcecode.swift; path = MockNetworkManager.swift; sourceTree = "<group>"; };
		FAE357A62C12714500BE258D /* UserIDView.swift */ = {isa = PBXFileReference; lastKnownFileType = sourcecode.swift; path = UserIDView.swift; sourceTree = "<group>"; };
		FAE357BD2C14390800BE258D /* PhotoDetailsModel.swift */ = {isa = PBXFileReference; lastKnownFileType = sourcecode.swift; path = PhotoDetailsModel.swift; sourceTree = "<group>"; };
		FAE357BF2C15C8BC00BE258D /* UserDetailView.swift */ = {isa = PBXFileReference; lastKnownFileType = sourcecode.swift; path = UserDetailView.swift; sourceTree = "<group>"; };
		FAFB2E852C0A74AA00363278 /* PhotoViewModel.swift */ = {isa = PBXFileReference; lastKnownFileType = sourcecode.swift; path = PhotoViewModel.swift; sourceTree = "<group>"; };
		FAFB2E872C0BB4E900363278 /* Info.plist */ = {isa = PBXFileReference; lastKnownFileType = text.plist; path = Info.plist; sourceTree = "<group>"; };
		FAFB2E882C0BFC3F00363278 /* PhotoUserInfoModel.swift */ = {isa = PBXFileReference; lastKnownFileType = sourcecode.swift; path = PhotoUserInfoModel.swift; sourceTree = "<group>"; };
		FAFB2E8B2C0CC79400363278 /* CacheAsyncImage.swift */ = {isa = PBXFileReference; lastKnownFileType = sourcecode.swift; path = CacheAsyncImage.swift; sourceTree = "<group>"; };
		FAFB2E912C0CCC1A00363278 /* ImageCache.swift */ = {isa = PBXFileReference; lastKnownFileType = sourcecode.swift; path = ImageCache.swift; sourceTree = "<group>"; };
		FAFB2E972C0CF4DE00363278 /* SearchBarView.swift */ = {isa = PBXFileReference; lastKnownFileType = sourcecode.swift; path = SearchBarView.swift; sourceTree = "<group>"; };
/* End PBXFileReference section */

/* Begin PBXFrameworksBuildPhase section */
		FAD794C72C0A271D00D2508D /* Frameworks */ = {
			isa = PBXFrameworksBuildPhase;
			buildActionMask = 2147483647;
			files = (
			);
			runOnlyForDeploymentPostprocessing = 0;
		};
		FAD794D72C0A272600D2508D /* Frameworks */ = {
			isa = PBXFrameworksBuildPhase;
			buildActionMask = 2147483647;
			files = (
			);
			runOnlyForDeploymentPostprocessing = 0;
		};
		FAD794E12C0A272600D2508D /* Frameworks */ = {
			isa = PBXFrameworksBuildPhase;
			buildActionMask = 2147483647;
			files = (
			);
			runOnlyForDeploymentPostprocessing = 0;
		};
/* End PBXFrameworksBuildPhase section */

/* Begin PBXGroup section */
		FA17509D2C121E7100BB07C4 /* CustomButtons */ = {
			isa = PBXGroup;
			children = (
				FA17509E2C121EAB00BB07C4 /* CircleButtonView.swift */,
			);
			path = CustomButtons;
			sourceTree = "<group>";
		};
		FA1B3EB32C10F81F000AF5DD /* photolistcell */ = {
			isa = PBXGroup;
			children = (
				FACE068E2C0F86C2009FF182 /* PhotoCardView.swift */,
				FA1B3EB42C10F870000AF5DD /* PhotoDetailView.swift */,
				FA1B3EBB2C10F988000AF5DD /* CardGroupBoxStyle.swift */,
				FAE357A62C12714500BE258D /* UserIDView.swift */,
				FACE068A2C0E5967009FF182 /* GridCell.swift */,
				FAE357BF2C15C8BC00BE258D /* UserDetailView.swift */,
			);
			path = photolistcell;
			sourceTree = "<group>";
		};
		FACE06872C0E223A009FF182 /* Extensions */ = {
			isa = PBXGroup;
			children = (
				FACE06902C10359A009FF182 /* UIApplication+Extension.swift */,
				FA1B3EC42C11926E000AF5DD /* Color.swift */,
			);
			path = Extensions;
			sourceTree = "<group>";
		};
		FAD794C12C0A271D00D2508D = {
			isa = PBXGroup;
			children = (
				FAD794CC2C0A271D00D2508D /* FlickGallery */,
				FAD794DD2C0A272600D2508D /* FlickGalleryTests */,
				FAD794E72C0A272600D2508D /* FlickGalleryUITests */,
				FAD794CB2C0A271D00D2508D /* Products */,
			);
			sourceTree = "<group>";
		};
		FAD794CB2C0A271D00D2508D /* Products */ = {
			isa = PBXGroup;
			children = (
				FAD794CA2C0A271D00D2508D /* FlickGallery.app */,
				FAD794DA2C0A272600D2508D /* FlickGalleryTests.xctest */,
				FAD794E42C0A272600D2508D /* FlickGalleryUITests.xctest */,
			);
			name = Products;
			sourceTree = "<group>";
		};
		FAD794CC2C0A271D00D2508D /* FlickGallery */ = {
			isa = PBXGroup;
			children = (
				FAFB2E872C0BB4E900363278 /* Info.plist */,
				FAD794FC2C0A2A0C00D2508D /* Networking */,
				FAFB2E8A2C0CC76200363278 /* Caching */,
				FAD794F72C0A274000D2508D /* Model */,
				FAD794FA2C0A29E300D2508D /* ViewModel */,
				FAD794FB2C0A29F600D2508D /* View */,
				FA17509D2C121E7100BB07C4 /* CustomButtons */,
				FACE06872C0E223A009FF182 /* Extensions */,
				FAD794D12C0A272500D2508D /* Assets.xcassets */,
				FAD794D32C0A272500D2508D /* Preview Content */,
			);
			path = FlickGallery;
			sourceTree = "<group>";
		};
		FAD794D32C0A272500D2508D /* Preview Content */ = {
			isa = PBXGroup;
			children = (
				FAD794D42C0A272500D2508D /* Preview Assets.xcassets */,
			);
			path = "Preview Content";
			sourceTree = "<group>";
		};
		FAD794DD2C0A272600D2508D /* FlickGalleryTests */ = {
			isa = PBXGroup;
			children = (
				FAE357A42C12312500BE258D /* Stub */,
				FAE3579C2C122D5500BE258D /* Mock */,
				FAE3579D2C122D6F00BE258D /* NetworkManagerTests */,
				FAD794DE2C0A272600D2508D /* FlickGalleryTests.swift */,
			);
			path = FlickGalleryTests;
			sourceTree = "<group>";
		};
		FAD794E72C0A272600D2508D /* FlickGalleryUITests */ = {
			isa = PBXGroup;
			children = (
				FAD794E82C0A272600D2508D /* FlickGalleryUITests.swift */,
				FAD794EA2C0A272600D2508D /* FlickGalleryUITestsLaunchTests.swift */,
			);
			path = FlickGalleryUITests;
			sourceTree = "<group>";
		};
		FAD794F72C0A274000D2508D /* Model */ = {
			isa = PBXGroup;
			children = (
				FAD794F82C0A279400D2508D /* FlickResponseModel.swift */,
				FAFB2E882C0BFC3F00363278 /* PhotoUserInfoModel.swift */,
				FAE357BD2C14390800BE258D /* PhotoDetailsModel.swift */,
			);
			path = Model;
			sourceTree = "<group>";
		};
		FAD794FA2C0A29E300D2508D /* ViewModel */ = {
			isa = PBXGroup;
			children = (
				FAFB2E852C0A74AA00363278 /* PhotoViewModel.swift */,
			);
			path = ViewModel;
			sourceTree = "<group>";
		};
		FAD794FB2C0A29F600D2508D /* View */ = {
			isa = PBXGroup;
			children = (
				FAE357A52C124DEE00BE258D /* HomeScreen */,
				FA1B3EB32C10F81F000AF5DD /* photolistcell */,
				FAD794CF2C0A271D00D2508D /* ContentView.swift */,
				FAD794CD2C0A271D00D2508D /* FlickGalleryApp.swift */,
			);
			path = View;
			sourceTree = "<group>";
		};
		FAD794FC2C0A2A0C00D2508D /* Networking */ = {
			isa = PBXGroup;
			children = (
				FAD794FD2C0A6BF800D2508D /* NetworkManager.swift */,
				FAD794FF2C0A6C1200D2508D /* Networking.swift */,
				FAD795012C0A6C6D00D2508D /* NetworkError.swift */,
				FAD795032C0A6D5D00D2508D /* APIEndpoint.swift */,
			);
			path = Networking;
			sourceTree = "<group>";
		};
		FAE3579C2C122D5500BE258D /* Mock */ = {
			isa = PBXGroup;
			children = (
				FAE357A02C122DC100BE258D /* MockNetworking.swift */,
				FAE357A22C122DE500BE258D /* MockNetworkManager.swift */,
			);
			path = Mock;
			sourceTree = "<group>";
		};
		FAE3579D2C122D6F00BE258D /* NetworkManagerTests */ = {
			isa = PBXGroup;
			children = (
				FAE3579E2C122D9D00BE258D /* NetworkManagerTests.swift */,
			);
			path = NetworkManagerTests;
			sourceTree = "<group>";
		};
		FAE357A42C12312500BE258D /* Stub */ = {
			isa = PBXGroup;
			children = (
			);
			path = Stub;
			sourceTree = "<group>";
		};
		FAE357A52C124DEE00BE258D /* HomeScreen */ = {
			isa = PBXGroup;
			children = (
				FACE06922C103843009FF182 /* HomeView.swift */,
				FAFB2E972C0CF4DE00363278 /* SearchBarView.swift */,
			);
			path = HomeScreen;
			sourceTree = "<group>";
		};
		FAFB2E8A2C0CC76200363278 /* Caching */ = {
			isa = PBXGroup;
			children = (
				FAFB2E8B2C0CC79400363278 /* CacheAsyncImage.swift */,
				FAFB2E912C0CCC1A00363278 /* ImageCache.swift */,
				FA1B3EC12C1113D3000AF5DD /* CacheImageView.swift */,
			);
			path = Caching;
			sourceTree = "<group>";
		};
/* End PBXGroup section */

/* Begin PBXNativeTarget section */
		FAD794C92C0A271D00D2508D /* FlickGallery */ = {
			isa = PBXNativeTarget;
			buildConfigurationList = FAD794EE2C0A272600D2508D /* Build configuration list for PBXNativeTarget "FlickGallery" */;
			buildPhases = (
				FAD794C62C0A271D00D2508D /* Sources */,
				FAD794C72C0A271D00D2508D /* Frameworks */,
				FAD794C82C0A271D00D2508D /* Resources */,
			);
			buildRules = (
			);
			dependencies = (
			);
			name = FlickGallery;
			productName = FlickGallery;
			productReference = FAD794CA2C0A271D00D2508D /* FlickGallery.app */;
			productType = "com.apple.product-type.application";
		};
		FAD794D92C0A272600D2508D /* FlickGalleryTests */ = {
			isa = PBXNativeTarget;
			buildConfigurationList = FAD794F12C0A272600D2508D /* Build configuration list for PBXNativeTarget "FlickGalleryTests" */;
			buildPhases = (
				FAD794D62C0A272600D2508D /* Sources */,
				FAD794D72C0A272600D2508D /* Frameworks */,
				FAD794D82C0A272600D2508D /* Resources */,
			);
			buildRules = (
			);
			dependencies = (
				FAD794DC2C0A272600D2508D /* PBXTargetDependency */,
			);
			name = FlickGalleryTests;
			productName = FlickGalleryTests;
			productReference = FAD794DA2C0A272600D2508D /* FlickGalleryTests.xctest */;
			productType = "com.apple.product-type.bundle.unit-test";
		};
		FAD794E32C0A272600D2508D /* FlickGalleryUITests */ = {
			isa = PBXNativeTarget;
			buildConfigurationList = FAD794F42C0A272600D2508D /* Build configuration list for PBXNativeTarget "FlickGalleryUITests" */;
			buildPhases = (
				FAD794E02C0A272600D2508D /* Sources */,
				FAD794E12C0A272600D2508D /* Frameworks */,
				FAD794E22C0A272600D2508D /* Resources */,
			);
			buildRules = (
			);
			dependencies = (
				FAD794E62C0A272600D2508D /* PBXTargetDependency */,
			);
			name = FlickGalleryUITests;
			productName = FlickGalleryUITests;
			productReference = FAD794E42C0A272600D2508D /* FlickGalleryUITests.xctest */;
			productType = "com.apple.product-type.bundle.ui-testing";
		};
/* End PBXNativeTarget section */

/* Begin PBXProject section */
		FAD794C22C0A271D00D2508D /* Project object */ = {
			isa = PBXProject;
			attributes = {
				BuildIndependentTargetsInParallel = 1;
				LastSwiftUpdateCheck = 1540;
				LastUpgradeCheck = 1540;
				TargetAttributes = {
					FAD794C92C0A271D00D2508D = {
						CreatedOnToolsVersion = 15.4;
					};
					FAD794D92C0A272600D2508D = {
						CreatedOnToolsVersion = 15.4;
						TestTargetID = FAD794C92C0A271D00D2508D;
					};
					FAD794E32C0A272600D2508D = {
						CreatedOnToolsVersion = 15.4;
						TestTargetID = FAD794C92C0A271D00D2508D;
					};
				};
			};
			buildConfigurationList = FAD794C52C0A271D00D2508D /* Build configuration list for PBXProject "FlickGallery" */;
			compatibilityVersion = "Xcode 14.0";
			developmentRegion = en;
			hasScannedForEncodings = 0;
			knownRegions = (
				en,
				Base,
			);
			mainGroup = FAD794C12C0A271D00D2508D;
			productRefGroup = FAD794CB2C0A271D00D2508D /* Products */;
			projectDirPath = "";
			projectRoot = "";
			targets = (
				FAD794C92C0A271D00D2508D /* FlickGallery */,
				FAD794D92C0A272600D2508D /* FlickGalleryTests */,
				FAD794E32C0A272600D2508D /* FlickGalleryUITests */,
			);
		};
/* End PBXProject section */

/* Begin PBXResourcesBuildPhase section */
		FAD794C82C0A271D00D2508D /* Resources */ = {
			isa = PBXResourcesBuildPhase;
			buildActionMask = 2147483647;
			files = (
				FAD794D52C0A272500D2508D /* Preview Assets.xcassets in Resources */,
				FAD794D22C0A272500D2508D /* Assets.xcassets in Resources */,
			);
			runOnlyForDeploymentPostprocessing = 0;
		};
		FAD794D82C0A272600D2508D /* Resources */ = {
			isa = PBXResourcesBuildPhase;
			buildActionMask = 2147483647;
			files = (
			);
			runOnlyForDeploymentPostprocessing = 0;
		};
		FAD794E22C0A272600D2508D /* Resources */ = {
			isa = PBXResourcesBuildPhase;
			buildActionMask = 2147483647;
			files = (
			);
			runOnlyForDeploymentPostprocessing = 0;
		};
/* End PBXResourcesBuildPhase section */

/* Begin PBXSourcesBuildPhase section */
		FAD794C62C0A271D00D2508D /* Sources */ = {
			isa = PBXSourcesBuildPhase;
			buildActionMask = 2147483647;
			files = (
				FAFB2E8C2C0CC79500363278 /* CacheAsyncImage.swift in Sources */,
				FAD795042C0A6D5D00D2508D /* APIEndpoint.swift in Sources */,
				FA1B3EC52C11926E000AF5DD /* Color.swift in Sources */,
				FAE357C02C15C8BC00BE258D /* UserDetailView.swift in Sources */,
				FACE06912C10359A009FF182 /* UIApplication+Extension.swift in Sources */,
				FAD794FE2C0A6BF800D2508D /* NetworkManager.swift in Sources */,
				FACE068F2C0F86C3009FF182 /* PhotoCardView.swift in Sources */,
				FAD795002C0A6C1200D2508D /* Networking.swift in Sources */,
				FAE357BE2C14390800BE258D /* PhotoDetailsModel.swift in Sources */,
				FA1B3EBC2C10F988000AF5DD /* CardGroupBoxStyle.swift in Sources */,
				FAD794F92C0A279500D2508D /* FlickResponseModel.swift in Sources */,
				FAFB2E922C0CCC1A00363278 /* ImageCache.swift in Sources */,
				FACE06932C103843009FF182 /* HomeView.swift in Sources */,
				FAD795022C0A6C6D00D2508D /* NetworkError.swift in Sources */,
				FAFB2E862C0A74AA00363278 /* PhotoViewModel.swift in Sources */,
				FAD794D02C0A271D00D2508D /* ContentView.swift in Sources */,
				FAE357A72C12714500BE258D /* UserIDView.swift in Sources */,
				FACE068B2C0E5967009FF182 /* GridCell.swift in Sources */,
				FAFB2E982C0CF4DE00363278 /* SearchBarView.swift in Sources */,
				FAD794CE2C0A271D00D2508D /* FlickGalleryApp.swift in Sources */,
				FA17509F2C121EAC00BB07C4 /* CircleButtonView.swift in Sources */,
				FA1B3EC22C1113D4000AF5DD /* CacheImageView.swift in Sources */,
				FAFB2E892C0BFC3F00363278 /* PhotoUserInfoModel.swift in Sources */,
				FA1B3EB52C10F870000AF5DD /* PhotoDetailView.swift in Sources */,
			);
			runOnlyForDeploymentPostprocessing = 0;
		};
		FAD794D62C0A272600D2508D /* Sources */ = {
			isa = PBXSourcesBuildPhase;
			buildActionMask = 2147483647;
			files = (
				FAE357A12C122DC100BE258D /* MockNetworking.swift in Sources */,
				FAE3579F2C122D9D00BE258D /* NetworkManagerTests.swift in Sources */,
				FAE357A32C122DE500BE258D /* MockNetworkManager.swift in Sources */,
				FAD794DF2C0A272600D2508D /* FlickGalleryTests.swift in Sources */,
			);
			runOnlyForDeploymentPostprocessing = 0;
		};
		FAD794E02C0A272600D2508D /* Sources */ = {
			isa = PBXSourcesBuildPhase;
			buildActionMask = 2147483647;
			files = (
				FAD794E92C0A272600D2508D /* FlickGalleryUITests.swift in Sources */,
				FAD794EB2C0A272600D2508D /* FlickGalleryUITestsLaunchTests.swift in Sources */,
			);
			runOnlyForDeploymentPostprocessing = 0;
		};
/* End PBXSourcesBuildPhase section */

/* Begin PBXTargetDependency section */
		FAD794DC2C0A272600D2508D /* PBXTargetDependency */ = {
			isa = PBXTargetDependency;
			target = FAD794C92C0A271D00D2508D /* FlickGallery */;
			targetProxy = FAD794DB2C0A272600D2508D /* PBXContainerItemProxy */;
		};
		FAD794E62C0A272600D2508D /* PBXTargetDependency */ = {
			isa = PBXTargetDependency;
			target = FAD794C92C0A271D00D2508D /* FlickGallery */;
			targetProxy = FAD794E52C0A272600D2508D /* PBXContainerItemProxy */;
		};
/* End PBXTargetDependency section */

/* Begin XCBuildConfiguration section */
		FAD794EC2C0A272600D2508D /* Debug */ = {
			isa = XCBuildConfiguration;
			buildSettings = {
				ALWAYS_SEARCH_USER_PATHS = NO;
				ASSETCATALOG_COMPILER_GENERATE_SWIFT_ASSET_SYMBOL_EXTENSIONS = YES;
				CLANG_ANALYZER_NONNULL = YES;
				CLANG_ANALYZER_NUMBER_OBJECT_CONVERSION = YES_AGGRESSIVE;
				CLANG_CXX_LANGUAGE_STANDARD = "gnu++20";
				CLANG_ENABLE_MODULES = YES;
				CLANG_ENABLE_OBJC_ARC = YES;
				CLANG_ENABLE_OBJC_WEAK = YES;
				CLANG_WARN_BLOCK_CAPTURE_AUTORELEASING = YES;
				CLANG_WARN_BOOL_CONVERSION = YES;
				CLANG_WARN_COMMA = YES;
				CLANG_WARN_CONSTANT_CONVERSION = YES;
				CLANG_WARN_DEPRECATED_OBJC_IMPLEMENTATIONS = YES;
				CLANG_WARN_DIRECT_OBJC_ISA_USAGE = YES_ERROR;
				CLANG_WARN_DOCUMENTATION_COMMENTS = YES;
				CLANG_WARN_EMPTY_BODY = YES;
				CLANG_WARN_ENUM_CONVERSION = YES;
				CLANG_WARN_INFINITE_RECURSION = YES;
				CLANG_WARN_INT_CONVERSION = YES;
				CLANG_WARN_NON_LITERAL_NULL_CONVERSION = YES;
				CLANG_WARN_OBJC_IMPLICIT_RETAIN_SELF = YES;
				CLANG_WARN_OBJC_LITERAL_CONVERSION = YES;
				CLANG_WARN_OBJC_ROOT_CLASS = YES_ERROR;
				CLANG_WARN_QUOTED_INCLUDE_IN_FRAMEWORK_HEADER = YES;
				CLANG_WARN_RANGE_LOOP_ANALYSIS = YES;
				CLANG_WARN_STRICT_PROTOTYPES = YES;
				CLANG_WARN_SUSPICIOUS_MOVE = YES;
				CLANG_WARN_UNGUARDED_AVAILABILITY = YES_AGGRESSIVE;
				CLANG_WARN_UNREACHABLE_CODE = YES;
				CLANG_WARN__DUPLICATE_METHOD_MATCH = YES;
				COPY_PHASE_STRIP = NO;
				DEBUG_INFORMATION_FORMAT = dwarf;
				ENABLE_STRICT_OBJC_MSGSEND = YES;
				ENABLE_TESTABILITY = YES;
				ENABLE_USER_SCRIPT_SANDBOXING = YES;
				GCC_C_LANGUAGE_STANDARD = gnu17;
				GCC_DYNAMIC_NO_PIC = NO;
				GCC_NO_COMMON_BLOCKS = YES;
				GCC_OPTIMIZATION_LEVEL = 0;
				GCC_PREPROCESSOR_DEFINITIONS = (
					"DEBUG=1",
					"$(inherited)",
				);
				GCC_WARN_64_TO_32_BIT_CONVERSION = YES;
				GCC_WARN_ABOUT_RETURN_TYPE = YES_ERROR;
				GCC_WARN_UNDECLARED_SELECTOR = YES;
				GCC_WARN_UNINITIALIZED_AUTOS = YES_AGGRESSIVE;
				GCC_WARN_UNUSED_FUNCTION = YES;
				GCC_WARN_UNUSED_VARIABLE = YES;
				IPHONEOS_DEPLOYMENT_TARGET = 17.5;
				LOCALIZATION_PREFERS_STRING_CATALOGS = YES;
				MTL_ENABLE_DEBUG_INFO = INCLUDE_SOURCE;
				MTL_FAST_MATH = YES;
				ONLY_ACTIVE_ARCH = YES;
				SDKROOT = iphoneos;
				SWIFT_ACTIVE_COMPILATION_CONDITIONS = "DEBUG $(inherited)";
				SWIFT_OPTIMIZATION_LEVEL = "-Onone";
			};
			name = Debug;
		};
		FAD794ED2C0A272600D2508D /* Release */ = {
			isa = XCBuildConfiguration;
			buildSettings = {
				ALWAYS_SEARCH_USER_PATHS = NO;
				ASSETCATALOG_COMPILER_GENERATE_SWIFT_ASSET_SYMBOL_EXTENSIONS = YES;
				CLANG_ANALYZER_NONNULL = YES;
				CLANG_ANALYZER_NUMBER_OBJECT_CONVERSION = YES_AGGRESSIVE;
				CLANG_CXX_LANGUAGE_STANDARD = "gnu++20";
				CLANG_ENABLE_MODULES = YES;
				CLANG_ENABLE_OBJC_ARC = YES;
				CLANG_ENABLE_OBJC_WEAK = YES;
				CLANG_WARN_BLOCK_CAPTURE_AUTORELEASING = YES;
				CLANG_WARN_BOOL_CONVERSION = YES;
				CLANG_WARN_COMMA = YES;
				CLANG_WARN_CONSTANT_CONVERSION = YES;
				CLANG_WARN_DEPRECATED_OBJC_IMPLEMENTATIONS = YES;
				CLANG_WARN_DIRECT_OBJC_ISA_USAGE = YES_ERROR;
				CLANG_WARN_DOCUMENTATION_COMMENTS = YES;
				CLANG_WARN_EMPTY_BODY = YES;
				CLANG_WARN_ENUM_CONVERSION = YES;
				CLANG_WARN_INFINITE_RECURSION = YES;
				CLANG_WARN_INT_CONVERSION = YES;
				CLANG_WARN_NON_LITERAL_NULL_CONVERSION = YES;
				CLANG_WARN_OBJC_IMPLICIT_RETAIN_SELF = YES;
				CLANG_WARN_OBJC_LITERAL_CONVERSION = YES;
				CLANG_WARN_OBJC_ROOT_CLASS = YES_ERROR;
				CLANG_WARN_QUOTED_INCLUDE_IN_FRAMEWORK_HEADER = YES;
				CLANG_WARN_RANGE_LOOP_ANALYSIS = YES;
				CLANG_WARN_STRICT_PROTOTYPES = YES;
				CLANG_WARN_SUSPICIOUS_MOVE = YES;
				CLANG_WARN_UNGUARDED_AVAILABILITY = YES_AGGRESSIVE;
				CLANG_WARN_UNREACHABLE_CODE = YES;
				CLANG_WARN__DUPLICATE_METHOD_MATCH = YES;
				COPY_PHASE_STRIP = NO;
				DEBUG_INFORMATION_FORMAT = "dwarf-with-dsym";
				ENABLE_NS_ASSERTIONS = NO;
				ENABLE_STRICT_OBJC_MSGSEND = YES;
				ENABLE_USER_SCRIPT_SANDBOXING = YES;
				GCC_C_LANGUAGE_STANDARD = gnu17;
				GCC_NO_COMMON_BLOCKS = YES;
				GCC_WARN_64_TO_32_BIT_CONVERSION = YES;
				GCC_WARN_ABOUT_RETURN_TYPE = YES_ERROR;
				GCC_WARN_UNDECLARED_SELECTOR = YES;
				GCC_WARN_UNINITIALIZED_AUTOS = YES_AGGRESSIVE;
				GCC_WARN_UNUSED_FUNCTION = YES;
				GCC_WARN_UNUSED_VARIABLE = YES;
				IPHONEOS_DEPLOYMENT_TARGET = 17.5;
				LOCALIZATION_PREFERS_STRING_CATALOGS = YES;
				MTL_ENABLE_DEBUG_INFO = NO;
				MTL_FAST_MATH = YES;
				SDKROOT = iphoneos;
				SWIFT_COMPILATION_MODE = wholemodule;
				VALIDATE_PRODUCT = YES;
			};
			name = Release;
		};
		FAD794EF2C0A272600D2508D /* Debug */ = {
			isa = XCBuildConfiguration;
			buildSettings = {
				ASSETCATALOG_COMPILER_APPICON_NAME = AppIcon;
				ASSETCATALOG_COMPILER_GLOBAL_ACCENT_COLOR_NAME = AccentColor;
				CODE_SIGN_STYLE = Automatic;
				CURRENT_PROJECT_VERSION = 1;
				DEVELOPMENT_ASSET_PATHS = "\"FlickGallery/Preview Content\"";
				ENABLE_PREVIEWS = YES;
				GENERATE_INFOPLIST_FILE = YES;
				INFOPLIST_FILE = FlickGallery/Info.plist;
				INFOPLIST_KEY_UIApplicationSceneManifest_Generation = YES;
				INFOPLIST_KEY_UIApplicationSupportsIndirectInputEvents = YES;
				INFOPLIST_KEY_UILaunchScreen_Generation = YES;
				INFOPLIST_KEY_UISupportedInterfaceOrientations_iPad = "UIInterfaceOrientationPortrait UIInterfaceOrientationPortraitUpsideDown UIInterfaceOrientationLandscapeLeft UIInterfaceOrientationLandscapeRight";
				INFOPLIST_KEY_UISupportedInterfaceOrientations_iPhone = "UIInterfaceOrientationPortrait UIInterfaceOrientationLandscapeLeft UIInterfaceOrientationLandscapeRight";
				LD_RUNPATH_SEARCH_PATHS = (
					"$(inherited)",
					"@executable_path/Frameworks",
				);
				MARKETING_VERSION = 1.0;
				PRODUCT_BUNDLE_IDENTIFIER = com.FlickGallery;
				PRODUCT_NAME = "$(TARGET_NAME)";
				SUPPORTED_PLATFORMS = "iphoneos iphonesimulator";
				SUPPORTS_MACCATALYST = NO;
				SUPPORTS_MAC_DESIGNED_FOR_IPHONE_IPAD = NO;
				SUPPORTS_XR_DESIGNED_FOR_IPHONE_IPAD = NO;
				SWIFT_EMIT_LOC_STRINGS = YES;
				SWIFT_VERSION = 5.0;
				TARGETED_DEVICE_FAMILY = "1,2";
			};
			name = Debug;
		};
		FAD794F02C0A272600D2508D /* Release */ = {
			isa = XCBuildConfiguration;
			buildSettings = {
				ASSETCATALOG_COMPILER_APPICON_NAME = AppIcon;
				ASSETCATALOG_COMPILER_GLOBAL_ACCENT_COLOR_NAME = AccentColor;
				CODE_SIGN_STYLE = Automatic;
				CURRENT_PROJECT_VERSION = 1;
				DEVELOPMENT_ASSET_PATHS = "\"FlickGallery/Preview Content\"";
				ENABLE_PREVIEWS = YES;
				GENERATE_INFOPLIST_FILE = YES;
				INFOPLIST_FILE = FlickGallery/Info.plist;
				INFOPLIST_KEY_UIApplicationSceneManifest_Generation = YES;
				INFOPLIST_KEY_UIApplicationSupportsIndirectInputEvents = YES;
				INFOPLIST_KEY_UILaunchScreen_Generation = YES;
				INFOPLIST_KEY_UISupportedInterfaceOrientations_iPad = "UIInterfaceOrientationPortrait UIInterfaceOrientationPortraitUpsideDown UIInterfaceOrientationLandscapeLeft UIInterfaceOrientationLandscapeRight";
				INFOPLIST_KEY_UISupportedInterfaceOrientations_iPhone = "UIInterfaceOrientationPortrait UIInterfaceOrientationLandscapeLeft UIInterfaceOrientationLandscapeRight";
				LD_RUNPATH_SEARCH_PATHS = (
					"$(inherited)",
					"@executable_path/Frameworks",
				);
				MARKETING_VERSION = 1.0;
				PRODUCT_BUNDLE_IDENTIFIER = com.FlickGallery;
				PRODUCT_NAME = "$(TARGET_NAME)";
				SUPPORTED_PLATFORMS = "iphoneos iphonesimulator";
				SUPPORTS_MACCATALYST = NO;
				SUPPORTS_MAC_DESIGNED_FOR_IPHONE_IPAD = NO;
				SUPPORTS_XR_DESIGNED_FOR_IPHONE_IPAD = NO;
				SWIFT_EMIT_LOC_STRINGS = YES;
				SWIFT_VERSION = 5.0;
				TARGETED_DEVICE_FAMILY = "1,2";
			};
			name = Release;
		};
		FAD794F22C0A272600D2508D /* Debug */ = {
			isa = XCBuildConfiguration;
			buildSettings = {
				ALWAYS_EMBED_SWIFT_STANDARD_LIBRARIES = YES;
				BUNDLE_LOADER = "$(TEST_HOST)";
				CODE_SIGN_STYLE = Automatic;
				CURRENT_PROJECT_VERSION = 1;
				GENERATE_INFOPLIST_FILE = YES;
				IPHONEOS_DEPLOYMENT_TARGET = 17.5;
				MARKETING_VERSION = 1.0;
				PRODUCT_BUNDLE_IDENTIFIER = com.FlickGalleryTests;
				PRODUCT_NAME = "$(TARGET_NAME)";
				SWIFT_EMIT_LOC_STRINGS = NO;
				SWIFT_VERSION = 5.0;
				TARGETED_DEVICE_FAMILY = "1,2";
				TEST_HOST = "$(BUILT_PRODUCTS_DIR)/FlickGallery.app/$(BUNDLE_EXECUTABLE_FOLDER_PATH)/FlickGallery";
			};
			name = Debug;
		};
		FAD794F32C0A272600D2508D /* Release */ = {
			isa = XCBuildConfiguration;
			buildSettings = {
				ALWAYS_EMBED_SWIFT_STANDARD_LIBRARIES = YES;
				BUNDLE_LOADER = "$(TEST_HOST)";
				CODE_SIGN_STYLE = Automatic;
				CURRENT_PROJECT_VERSION = 1;
				GENERATE_INFOPLIST_FILE = YES;
				IPHONEOS_DEPLOYMENT_TARGET = 17.5;
				MARKETING_VERSION = 1.0;
				PRODUCT_BUNDLE_IDENTIFIER = com.FlickGalleryTests;
				PRODUCT_NAME = "$(TARGET_NAME)";
				SWIFT_EMIT_LOC_STRINGS = NO;
				SWIFT_VERSION = 5.0;
				TARGETED_DEVICE_FAMILY = "1,2";
				TEST_HOST = "$(BUILT_PRODUCTS_DIR)/FlickGallery.app/$(BUNDLE_EXECUTABLE_FOLDER_PATH)/FlickGallery";
			};
			name = Release;
		};
		FAD794F52C0A272600D2508D /* Debug */ = {
			isa = XCBuildConfiguration;
			buildSettings = {
				ALWAYS_EMBED_SWIFT_STANDARD_LIBRARIES = YES;
				CODE_SIGN_STYLE = Automatic;
				CURRENT_PROJECT_VERSION = 1;
				GENERATE_INFOPLIST_FILE = YES;
				MARKETING_VERSION = 1.0;
				PRODUCT_BUNDLE_IDENTIFIER = com.FlickGalleryUITests;
				PRODUCT_NAME = "$(TARGET_NAME)";
				SWIFT_EMIT_LOC_STRINGS = NO;
				SWIFT_VERSION = 5.0;
				TARGETED_DEVICE_FAMILY = "1,2";
				TEST_TARGET_NAME = FlickGallery;
			};
			name = Debug;
		};
		FAD794F62C0A272600D2508D /* Release */ = {
			isa = XCBuildConfiguration;
			buildSettings = {
				ALWAYS_EMBED_SWIFT_STANDARD_LIBRARIES = YES;
				CODE_SIGN_STYLE = Automatic;
				CURRENT_PROJECT_VERSION = 1;
				GENERATE_INFOPLIST_FILE = YES;
				MARKETING_VERSION = 1.0;
				PRODUCT_BUNDLE_IDENTIFIER = com.FlickGalleryUITests;
				PRODUCT_NAME = "$(TARGET_NAME)";
				SWIFT_EMIT_LOC_STRINGS = NO;
				SWIFT_VERSION = 5.0;
				TARGETED_DEVICE_FAMILY = "1,2";
				TEST_TARGET_NAME = FlickGallery;
			};
			name = Release;
		};
/* End XCBuildConfiguration section */

/* Begin XCConfigurationList section */
		FAD794C52C0A271D00D2508D /* Build configuration list for PBXProject "FlickGallery" */ = {
			isa = XCConfigurationList;
			buildConfigurations = (
				FAD794EC2C0A272600D2508D /* Debug */,
				FAD794ED2C0A272600D2508D /* Release */,
			);
			defaultConfigurationIsVisible = 0;
			defaultConfigurationName = Release;
		};
		FAD794EE2C0A272600D2508D /* Build configuration list for PBXNativeTarget "FlickGallery" */ = {
			isa = XCConfigurationList;
			buildConfigurations = (
				FAD794EF2C0A272600D2508D /* Debug */,
				FAD794F02C0A272600D2508D /* Release */,
			);
			defaultConfigurationIsVisible = 0;
			defaultConfigurationName = Release;
		};
		FAD794F12C0A272600D2508D /* Build configuration list for PBXNativeTarget "FlickGalleryTests" */ = {
			isa = XCConfigurationList;
			buildConfigurations = (
				FAD794F22C0A272600D2508D /* Debug */,
				FAD794F32C0A272600D2508D /* Release */,
			);
			defaultConfigurationIsVisible = 0;
			defaultConfigurationName = Release;
		};
		FAD794F42C0A272600D2508D /* Build configuration list for PBXNativeTarget "FlickGalleryUITests" */ = {
			isa = XCConfigurationList;
			buildConfigurations = (
				FAD794F52C0A272600D2508D /* Debug */,
				FAD794F62C0A272600D2508D /* Release */,
			);
			defaultConfigurationIsVisible = 0;
			defaultConfigurationName = Release;
		};
/* End XCConfigurationList section */
	};
	rootObject = FAD794C22C0A271D00D2508D /* Project object */;
}
